
Microsoft Visual Studio Solution File, Format Version 12.00
# Visual Studio Version 17
VisualStudioVersion = 17.4.33020.496
MinimumVisualStudioVersion = 10.0.40219.1
Project("{9A19103F-16F7-4668-BE54-9A1E7A4F7556}") = "Console_DBFirst_Scaffolding", "Console_DBFirst_Scaffolding.csproj", "{6DCF8F82-338F-4706-B19C-E04CEE413A8E}"
EndProject
Global
	GlobalSection(SolutionConfigurationPlatforms) = preSolution
		Debug|Any CPU = Debug|Any CPU
		Release|Any CPU = Release|Any CPU
	EndGlobalSection
	GlobalSection(ProjectConfigurationPlatforms) = postSolution
		{6DCF8F82-338F-4706-B19C-E04CEE413A8E}.Debug|Any CPU.ActiveCfg = Debug|Any CPU
		{6DCF8F82-338F-4706-B19C-E04CEE413A8E}.Debug|Any CPU.Build.0 = Debug|Any CPU
		{6DCF8F82-338F-4706-B19C-E04CEE413A8E}.Release|Any CPU.ActiveCfg = Release|Any CPU
		{6DCF8F82-338F-4706-B19C-E04CEE413A8E}.Release|Any CPU.Build.0 = Release|Any CPU
	EndGlobalSection
	GlobalSection(SolutionProperties) = preSolution
		HideSolutionNode = FALSE
	EndGlobalSection
	GlobalSection(ExtensibilityGlobals) = postSolution
		SolutionGuid = {289BC15C-01A6-404F-9DA2-DB1927DD1F99}
	EndGlobalSection
EndGlobal
